PODS:
  - SnapKit (5.6.0)
  - Then (3.0.0)

DEPENDENCIES:
  - SnapKit (~> 5.6.0)
  - Then

SPEC REPOS:
  https://github.com/CocoaPods/Specs.git:
    - SnapKit
    - Then

SPEC CHECKSUMS:
  SnapKit: e01d52ebb8ddbc333eefe2132acf85c8227d9c25
  Then: 844265ae87834bbe1147d91d5d41a404da2ec27d

PODFILE CHECKSUM: 8d63aa8c1e4367c99e3f5335efa78a91478a0225

COCOAPODS: 1.11.3
